
Microsoft Visual Studio Solution File, Format Version 12.00
# Visual Studio 15
VisualStudioVersion = 15.0.27130.2027
MinimumVisualStudioVersion = 10.0.40219.1
Project("{FAE04EC0-301F-11D3-BF4B-00C04F79EFBC}") = "HelloWebApi", "HelloWebApi\HelloWebApi.csproj", "{9118C8BC-1E0D-44DD-92DC-0CA8FCE1E77A}"
EndProject
Project("{FAE04EC0-301F-11D3-BF4B-00C04F79EFBC}") = "HelloWebApi.Client", "HelloWebApi.Client\HelloWebApi.Client.csproj", "{DE3887E2-74DC-4880-A53D-F20D6D4BB725}"
EndProject
Global
	GlobalSection(SolutionConfigurationPlatforms) = preSolution
		Debug|Any CPU = Debug|Any CPU
		Release|Any CPU = Release|Any CPU
	EndGlobalSection
	GlobalSection(ProjectConfigurationPlatforms) = postSolution
		{9118C8BC-1E0D-44DD-92DC-0CA8FCE1E77A}.Debug|Any CPU.ActiveCfg = Debug|Any CPU
		{9118C8BC-1E0D-44DD-92DC-0CA8FCE1E77A}.Debug|Any CPU.Build.0 = Debug|Any CPU
		{9118C8BC-1E0D-44DD-92DC-0CA8FCE1E77A}.Release|Any CPU.ActiveCfg = Release|Any CPU
		{9118C8BC-1E0D-44DD-92DC-0CA8FCE1E77A}.Release|Any CPU.Build.0 = Release|Any CPU
		{DE3887E2-74DC-4880-A53D-F20D6D4BB725}.Debug|Any CPU.ActiveCfg = Debug|Any CPU
		{DE3887E2-74DC-4880-A53D-F20D6D4BB725}.Debug|Any CPU.Build.0 = Debug|Any CPU
		{DE3887E2-74DC-4880-A53D-F20D6D4BB725}.Release|Any CPU.ActiveCfg = Release|Any CPU
		{DE3887E2-74DC-4880-A53D-F20D6D4BB725}.Release|Any CPU.Build.0 = Release|Any CPU
	EndGlobalSection
	GlobalSection(SolutionProperties) = preSolution
		HideSolutionNode = FALSE
	EndGlobalSection
	GlobalSection(ExtensibilityGlobals) = postSolution
		SolutionGuid = {2A8CE00A-6954-45B1-A103-71B562BCC764}
	EndGlobalSection
EndGlobal
